// !$*UTF8*$!
{
	archiveVersion = 1;
	classes = {
	};
	objectVersion = 56;
	objects = {

/* Begin PBXBuildFile section */
		B57FD0002AEDCFF900514469 /* Sleepy0App.swift in Sources */ = {isa = PBXBuildFile; fileRef = B57FCFFF2AEDCFF900514469 /* Sleepy0App.swift */; };
		B57FD0022AEDCFF900514469 /* ContentView.swift in Sources */ = {isa = PBXBuildFile; fileRef = B57FD0012AEDCFF900514469 /* ContentView.swift */; };
		B57FD0042AEDCFFC00514469 /* Assets.xcassets in Resources */ = {isa = PBXBuildFile; fileRef = B57FD0032AEDCFFC00514469 /* Assets.xcassets */; };
		B57FD0082AEDCFFC00514469 /* Preview Assets.xcassets in Resources */ = {isa = PBXBuildFile; fileRef = B57FD0072AEDCFFC00514469 /* Preview Assets.xcassets */; };
		B5D142402AEDE98F00557246 /* Montserrat-VariableFont_wght.ttf in Resources */ = {isa = PBXBuildFile; fileRef = B5D142292AEDE98F00557246 /* Montserrat-VariableFont_wght.ttf */; };
		B5D142412AEDE98F00557246 /* Montserrat-Italic-VariableFont_wght.ttf in Resources */ = {isa = PBXBuildFile; fileRef = B5D1422A2AEDE98F00557246 /* Montserrat-Italic-VariableFont_wght.ttf */; };
		B5D142422AEDE98F00557246 /* Montserrat-LightItalic.ttf in Resources */ = {isa = PBXBuildFile; fileRef = B5D1422C2AEDE98F00557246 /* Montserrat-LightItalic.ttf */; };
		B5D142432AEDE98F00557246 /* Montserrat-Medium.ttf in Resources */ = {isa = PBXBuildFile; fileRef = B5D1422D2AEDE98F00557246 /* Montserrat-Medium.ttf */; };
		B5D142442AEDE98F00557246 /* Montserrat-BoldItalic.ttf in Resources */ = {isa = PBXBuildFile; fileRef = B5D1422E2AEDE98F00557246 /* Montserrat-BoldItalic.ttf */; };
		B5D142452AEDE98F00557246 /* Montserrat-Light.ttf in Resources */ = {isa = PBXBuildFile; fileRef = B5D1422F2AEDE98F00557246 /* Montserrat-Light.ttf */; };
		B5D142462AEDE98F00557246 /* Montserrat-ThinItalic.ttf in Resources */ = {isa = PBXBuildFile; fileRef = B5D142302AEDE98F00557246 /* Montserrat-ThinItalic.ttf */; };
		B5D142472AEDE98F00557246 /* Montserrat-ExtraLight.ttf in Resources */ = {isa = PBXBuildFile; fileRef = B5D142312AEDE98F00557246 /* Montserrat-ExtraLight.ttf */; };
		B5D142482AEDE98F00557246 /* Montserrat-Thin.ttf in Resources */ = {isa = PBXBuildFile; fileRef = B5D142322AEDE98F00557246 /* Montserrat-Thin.ttf */; };
		B5D142492AEDE98F00557246 /* Montserrat-Bold.ttf in Resources */ = {isa = PBXBuildFile; fileRef = B5D142332AEDE98F00557246 /* Montserrat-Bold.ttf */; };
		B5D1424A2AEDE98F00557246 /* Montserrat-MediumItalic.ttf in Resources */ = {isa = PBXBuildFile; fileRef = B5D142342AEDE98F00557246 /* Montserrat-MediumItalic.ttf */; };
		B5D1424B2AEDE98F00557246 /* Montserrat-BlackItalic.ttf in Resources */ = {isa = PBXBuildFile; fileRef = B5D142352AEDE98F00557246 /* Montserrat-BlackItalic.ttf */; };
		B5D1424C2AEDE98F00557246 /* Montserrat-SemiBold.ttf in Resources */ = {isa = PBXBuildFile; fileRef = B5D142362AEDE98F00557246 /* Montserrat-SemiBold.ttf */; };
		B5D1424D2AEDE98F00557246 /* Montserrat-ExtraLightItalic.ttf in Resources */ = {isa = PBXBuildFile; fileRef = B5D142372AEDE98F00557246 /* Montserrat-ExtraLightItalic.ttf */; };
		B5D1424E2AEDE98F00557246 /* Montserrat-ExtraBold.ttf in Resources */ = {isa = PBXBuildFile; fileRef = B5D142382AEDE98F00557246 /* Montserrat-ExtraBold.ttf */; };
		B5D1424F2AEDE98F00557246 /* Montserrat-Black.ttf in Resources */ = {isa = PBXBuildFile; fileRef = B5D142392AEDE98F00557246 /* Montserrat-Black.ttf */; };
		B5D142502AEDE98F00557246 /* Montserrat-Regular.ttf in Resources */ = {isa = PBXBuildFile; fileRef = B5D1423A2AEDE98F00557246 /* Montserrat-Regular.ttf */; };
		B5D142512AEDE98F00557246 /* Montserrat-Italic.ttf in Resources */ = {isa = PBXBuildFile; fileRef = B5D1423B2AEDE98F00557246 /* Montserrat-Italic.ttf */; };
		B5D142522AEDE98F00557246 /* Montserrat-SemiBoldItalic.ttf in Resources */ = {isa = PBXBuildFile; fileRef = B5D1423C2AEDE98F00557246 /* Montserrat-SemiBoldItalic.ttf */; };
		B5D142532AEDE98F00557246 /* Montserrat-ExtraBoldItalic.ttf in Resources */ = {isa = PBXBuildFile; fileRef = B5D1423D2AEDE98F00557246 /* Montserrat-ExtraBoldItalic.ttf */; };
		B5D142542AEDE98F00557246 /* OFL.txt in Resources */ = {isa = PBXBuildFile; fileRef = B5D1423E2AEDE98F00557246 /* OFL.txt */; };
		B5D142552AEDE98F00557246 /* README.txt in Resources */ = {isa = PBXBuildFile; fileRef = B5D1423F2AEDE98F00557246 /* README.txt */; };
/* End PBXBuildFile section */

/* Begin PBXFileReference section */
		B57FCFFC2AEDCFF900514469 /* Sleepy0.app */ = {isa = PBXFileReference; explicitFileType = wrapper.application; includeInIndex = 0; path = Sleepy0.app; sourceTree = BUILT_PRODUCTS_DIR; };
		B57FCFFF2AEDCFF900514469 /* Sleepy0App.swift */ = {isa = PBXFileReference; lastKnownFileType = sourcecode.swift; path = Sleepy0App.swift; sourceTree = "<group>"; };
		B57FD0012AEDCFF900514469 /* ContentView.swift */ = {isa = PBXFileReference; lastKnownFileType = sourcecode.swift; path = ContentView.swift; sourceTree = "<group>"; };
		B57FD0032AEDCFFC00514469 /* Assets.xcassets */ = {isa = PBXFileReference; lastKnownFileType = folder.assetcatalog; path = Assets.xcassets; sourceTree = "<group>"; };
		B57FD0052AEDCFFC00514469 /* Sleepy0.entitlements */ = {isa = PBXFileReference; lastKnownFileType = text.plist.entitlements; path = Sleepy0.entitlements; sourceTree = "<group>"; };
		B57FD0072AEDCFFC00514469 /* Preview Assets.xcassets */ = {isa = PBXFileReference; lastKnownFileType = folder.assetcatalog; path = "Preview Assets.xcassets"; sourceTree = "<group>"; };
		B5D142292AEDE98F00557246 /* Montserrat-VariableFont_wght.ttf */ = {isa = PBXFileReference; lastKnownFileType = file; path = "Montserrat-VariableFont_wght.ttf"; sourceTree = "<group>"; };
		B5D1422A2AEDE98F00557246 /* Montserrat-Italic-VariableFont_wght.ttf */ = {isa = PBXFileReference; lastKnownFileType = file; path = "Montserrat-Italic-VariableFont_wght.ttf"; sourceTree = "<group>"; };
		B5D1422C2AEDE98F00557246 /* Montserrat-LightItalic.ttf */ = {isa = PBXFileReference; lastKnownFileType = file; path = "Montserrat-LightItalic.ttf"; sourceTree = "<group>"; };
		B5D1422D2AEDE98F00557246 /* Montserrat-Medium.ttf */ = {isa = PBXFileReference; lastKnownFileType = file; path = "Montserrat-Medium.ttf"; sourceTree = "<group>"; };
		B5D1422E2AEDE98F00557246 /* Montserrat-BoldItalic.ttf */ = {isa = PBXFileReference; lastKnownFileType = file; path = "Montserrat-BoldItalic.ttf"; sourceTree = "<group>"; };
		B5D1422F2AEDE98F00557246 /* Montserrat-Light.ttf */ = {isa = PBXFileReference; lastKnownFileType = file; path = "Montserrat-Light.ttf"; sourceTree = "<group>"; };
		B5D142302AEDE98F00557246 /* Montserrat-ThinItalic.ttf */ = {isa = PBXFileReference; lastKnownFileType = file; path = "Montserrat-ThinItalic.ttf"; sourceTree = "<group>"; };
		B5D142312AEDE98F00557246 /* Montserrat-ExtraLight.ttf */ = {isa = PBXFileReference; lastKnownFileType = file; path = "Montserrat-ExtraLight.ttf"; sourceTree = "<group>"; };
		B5D142322AEDE98F00557246 /* Montserrat-Thin.ttf */ = {isa = PBXFileReference; lastKnownFileType = file; path = "Montserrat-Thin.ttf"; sourceTree = "<group>"; };
		B5D142332AEDE98F00557246 /* Montserrat-Bold.ttf */ = {isa = PBXFileReference; lastKnownFileType = file; path = "Montserrat-Bold.ttf"; sourceTree = "<group>"; };
		B5D142342AEDE98F00557246 /* Montserrat-MediumItalic.ttf */ = {isa = PBXFileReference; lastKnownFileType = file; path = "Montserrat-MediumItalic.ttf"; sourceTree = "<group>"; };
		B5D142352AEDE98F00557246 /* Montserrat-BlackItalic.ttf */ = {isa = PBXFileReference; lastKnownFileType = file; path = "Montserrat-BlackItalic.ttf"; sourceTree = "<group>"; };
		B5D142362AEDE98F00557246 /* Montserrat-SemiBold.ttf */ = {isa = PBXFileReference; lastKnownFileType = file; path = "Montserrat-SemiBold.ttf"; sourceTree = "<group>"; };
		B5D142372AEDE98F00557246 /* Montserrat-ExtraLightItalic.ttf */ = {isa = PBXFileReference; lastKnownFileType = file; path = "Montserrat-ExtraLightItalic.ttf"; sourceTree = "<group>"; };
		B5D142382AEDE98F00557246 /* Montserrat-ExtraBold.ttf */ = {isa = PBXFileReference; lastKnownFileType = file; path = "Montserrat-ExtraBold.ttf"; sourceTree = "<group>"; };
		B5D142392AEDE98F00557246 /* Montserrat-Black.ttf */ = {isa = PBXFileReference; lastKnownFileType = file; path = "Montserrat-Black.ttf"; sourceTree = "<group>"; };
		B5D1423A2AEDE98F00557246 /* Montserrat-Regular.ttf */ = {isa = PBXFileReference; lastKnownFileType = file; path = "Montserrat-Regular.ttf"; sourceTree = "<group>"; };
		B5D1423B2AEDE98F00557246 /* Montserrat-Italic.ttf */ = {isa = PBXFileReference; lastKnownFileType = file; path = "Montserrat-Italic.ttf"; sourceTree = "<group>"; };
		B5D1423C2AEDE98F00557246 /* Montserrat-SemiBoldItalic.ttf */ = {isa = PBXFileReference; lastKnownFileType = file; path = "Montserrat-SemiBoldItalic.ttf"; sourceTree = "<group>"; };
		B5D1423D2AEDE98F00557246 /* Montserrat-ExtraBoldItalic.ttf */ = {isa = PBXFileReference; lastKnownFileType = file; path = "Montserrat-ExtraBoldItalic.ttf"; sourceTree = "<group>"; };
		B5D1423E2AEDE98F00557246 /* OFL.txt */ = {isa = PBXFileReference; fileEncoding = 4; lastKnownFileType = text; path = OFL.txt; sourceTree = "<group>"; };
		B5D1423F2AEDE98F00557246 /* README.txt */ = {isa = PBXFileReference; fileEncoding = 4; lastKnownFileType = text; path = README.txt; sourceTree = "<group>"; };
/* End PBXFileReference section */

/* Begin PBXFrameworksBuildPhase section */
		B57FCFF92AEDCFF900514469 /* Frameworks */ = {
			isa = PBXFrameworksBuildPhase;
			buildActionMask = 2147483647;
			files = (
			);
			runOnlyForDeploymentPostprocessing = 0;
		};
/* End PBXFrameworksBuildPhase section */

/* Begin PBXGroup section */
		B57FCFF32AEDCFF900514469 = {
			isa = PBXGroup;
			children = (
				B57FCFFE2AEDCFF900514469 /* Sleepy0 */,
				B57FCFFD2AEDCFF900514469 /* Products */,
			);
			sourceTree = "<group>";
		};
		B57FCFFD2AEDCFF900514469 /* Products */ = {
			isa = PBXGroup;
			children = (
				B57FCFFC2AEDCFF900514469 /* Sleepy0.app */,
			);
			name = Products;
			sourceTree = "<group>";
		};
		B57FCFFE2AEDCFF900514469 /* Sleepy0 */ = {
			isa = PBXGroup;
			children = (
				B5D142282AEDE98F00557246 /* Montserrat */,
				B57FCFFF2AEDCFF900514469 /* Sleepy0App.swift */,
				B57FD0012AEDCFF900514469 /* ContentView.swift */,
				B57FD0032AEDCFFC00514469 /* Assets.xcassets */,
				B57FD0052AEDCFFC00514469 /* Sleepy0.entitlements */,
				B57FD0062AEDCFFC00514469 /* Preview Content */,
			);
			path = Sleepy0;
			sourceTree = "<group>";
		};
		B57FD0062AEDCFFC00514469 /* Preview Content */ = {
			isa = PBXGroup;
			children = (
				B57FD0072AEDCFFC00514469 /* Preview Assets.xcassets */,
			);
			path = "Preview Content";
			sourceTree = "<group>";
		};
		B5D142282AEDE98F00557246 /* Montserrat */ = {
			isa = PBXGroup;
			children = (
				B5D142292AEDE98F00557246 /* Montserrat-VariableFont_wght.ttf */,
				B5D1422A2AEDE98F00557246 /* Montserrat-Italic-VariableFont_wght.ttf */,
				B5D1422B2AEDE98F00557246 /* static */,
				B5D1423E2AEDE98F00557246 /* OFL.txt */,
				B5D1423F2AEDE98F00557246 /* README.txt */,
			);
			path = Montserrat;
			sourceTree = "<group>";
		};
		B5D1422B2AEDE98F00557246 /* static */ = {
			isa = PBXGroup;
			children = (
				B5D1422C2AEDE98F00557246 /* Montserrat-LightItalic.ttf */,
				B5D1422D2AEDE98F00557246 /* Montserrat-Medium.ttf */,
				B5D1422E2AEDE98F00557246 /* Montserrat-BoldItalic.ttf */,
				B5D1422F2AEDE98F00557246 /* Montserrat-Light.ttf */,
				B5D142302AEDE98F00557246 /* Montserrat-ThinItalic.ttf */,
				B5D142312AEDE98F00557246 /* Montserrat-ExtraLight.ttf */,
				B5D142322AEDE98F00557246 /* Montserrat-Thin.ttf */,
				B5D142332AEDE98F00557246 /* Montserrat-Bold.ttf */,
				B5D142342AEDE98F00557246 /* Montserrat-MediumItalic.ttf */,
				B5D142352AEDE98F00557246 /* Montserrat-BlackItalic.ttf */,
				B5D142362AEDE98F00557246 /* Montserrat-SemiBold.ttf */,
				B5D142372AEDE98F00557246 /* Montserrat-ExtraLightItalic.ttf */,
				B5D142382AEDE98F00557246 /* Montserrat-ExtraBold.ttf */,
				B5D142392AEDE98F00557246 /* Montserrat-Black.ttf */,
				B5D1423A2AEDE98F00557246 /* Montserrat-Regular.ttf */,
				B5D1423B2AEDE98F00557246 /* Montserrat-Italic.ttf */,
				B5D1423C2AEDE98F00557246 /* Montserrat-SemiBoldItalic.ttf */,
				B5D1423D2AEDE98F00557246 /* Montserrat-ExtraBoldItalic.ttf */,
			);
			path = static;
			sourceTree = "<group>";
		};
/* End PBXGroup section */

/* Begin PBXNativeTarget section */
		B57FCFFB2AEDCFF900514469 /* Sleepy0 */ = {
			isa = PBXNativeTarget;
			buildConfigurationList = B57FD00B2AEDCFFC00514469 /* Build configuration list for PBXNativeTarget "Sleepy0" */;
			buildPhases = (
				B57FCFF82AEDCFF900514469 /* Sources */,
				B57FCFF92AEDCFF900514469 /* Frameworks */,
				B57FCFFA2AEDCFF900514469 /* Resources */,
			);
			buildRules = (
			);
			dependencies = (
			);
			name = Sleepy0;
			productName = Sleepy0;
			productReference = B57FCFFC2AEDCFF900514469 /* Sleepy0.app */;
			productType = "com.apple.product-type.application";
		};
/* End PBXNativeTarget section */

/* Begin PBXProject section */
		B57FCFF42AEDCFF900514469 /* Project object */ = {
			isa = PBXProject;
			attributes = {
				BuildIndependentTargetsInParallel = 1;
				LastSwiftUpdateCheck = 1500;
				LastUpgradeCheck = 1500;
				TargetAttributes = {
					B57FCFFB2AEDCFF900514469 = {
						CreatedOnToolsVersion = 15.0;
					};
				};
			};
			buildConfigurationList = B57FCFF72AEDCFF900514469 /* Build configuration list for PBXProject "Sleepy0" */;
			compatibilityVersion = "Xcode 14.0";
			developmentRegion = en;
			hasScannedForEncodings = 0;
			knownRegions = (
				en,
				Base,
			);
			mainGroup = B57FCFF32AEDCFF900514469;
			productRefGroup = B57FCFFD2AEDCFF900514469 /* Products */;
			projectDirPath = "";
			projectRoot = "";
			targets = (
				B57FCFFB2AEDCFF900514469 /* Sleepy0 */,
			);
		};
/* End PBXProject section */

/* Begin PBXResourcesBuildPhase section */
		B57FCFFA2AEDCFF900514469 /* Resources */ = {
			isa = PBXResourcesBuildPhase;
			buildActionMask = 2147483647;
			files = (
				B5D142522AEDE98F00557246 /* Montserrat-SemiBoldItalic.ttf in Resources */,
				B5D1424E2AEDE98F00557246 /* Montserrat-ExtraBold.ttf in Resources */,
				B5D142412AEDE98F00557246 /* Montserrat-Italic-VariableFont_wght.ttf in Resources */,
				B5D1424B2AEDE98F00557246 /* Montserrat-BlackItalic.ttf in Resources */,
				B5D1424A2AEDE98F00557246 /* Montserrat-MediumItalic.ttf in Resources */,
				B5D142442AEDE98F00557246 /* Montserrat-BoldItalic.ttf in Resources */,
				B57FD0082AEDCFFC00514469 /* Preview Assets.xcassets in Resources */,
				B5D142402AEDE98F00557246 /* Montserrat-VariableFont_wght.ttf in Resources */,
				B5D142502AEDE98F00557246 /* Montserrat-Regular.ttf in Resources */,
				B5D142452AEDE98F00557246 /* Montserrat-Light.ttf in Resources */,
				B5D142462AEDE98F00557246 /* Montserrat-ThinItalic.ttf in Resources */,
				B5D142422AEDE98F00557246 /* Montserrat-LightItalic.ttf in Resources */,
				B5D142542AEDE98F00557246 /* OFL.txt in Resources */,
				B5D1424D2AEDE98F00557246 /* Montserrat-ExtraLightItalic.ttf in Resources */,
				B5D1424C2AEDE98F00557246 /* Montserrat-SemiBold.ttf in Resources */,
				B5D142482AEDE98F00557246 /* Montserrat-Thin.ttf in Resources */,
				B5D142492AEDE98F00557246 /* Montserrat-Bold.ttf in Resources */,
				B5D142512AEDE98F00557246 /* Montserrat-Italic.ttf in Resources */,
				B5D142432AEDE98F00557246 /* Montserrat-Medium.ttf in Resources */,
				B57FD0042AEDCFFC00514469 /* Assets.xcassets in Resources */,
				B5D142472AEDE98F00557246 /* Montserrat-ExtraLight.ttf in Resources */,
				B5D1424F2AEDE98F00557246 /* Montserrat-Black.ttf in Resources */,
				B5D142552AEDE98F00557246 /* README.txt in Resources */,
				B5D142532AEDE98F00557246 /* Montserrat-ExtraBoldItalic.ttf in Resources */,
			);
			runOnlyForDeploymentPostprocessing = 0;
		};
/* End PBXResourcesBuildPhase section */

/* Begin PBXSourcesBuildPhase section */
		B57FCFF82AEDCFF900514469 /* Sources */ = {
			isa = PBXSourcesBuildPhase;
			buildActionMask = 2147483647;
			files = (
				B57FD0022AEDCFF900514469 /* ContentView.swift in Sources */,
				B57FD0002AEDCFF900514469 /* Sleepy0App.swift in Sources */,
			);
			runOnlyForDeploymentPostprocessing = 0;
		};
/* End PBXSourcesBuildPhase section */

/* Begin XCBuildConfiguration section */
		B57FD0092AEDCFFC00514469 /* Debug */ = {
			isa = XCBuildConfiguration;
			buildSettings = {
				ALWAYS_SEARCH_USER_PATHS = NO;
				ASSETCATALOG_COMPILER_GENERATE_SWIFT_ASSET_SYMBOL_EXTENSIONS = YES;
				CLANG_ANALYZER_NONNULL = YES;
				CLANG_ANALYZER_NUMBER_OBJECT_CONVERSION = YES_AGGRESSIVE;
				CLANG_CXX_LANGUAGE_STANDARD = "gnu++20";
				CLANG_ENABLE_MODULES = YES;
				CLANG_ENABLE_OBJC_ARC = YES;
				CLANG_ENABLE_OBJC_WEAK = YES;
				CLANG_WARN_BLOCK_CAPTURE_AUTORELEASING = YES;
				CLANG_WARN_BOOL_CONVERSION = YES;
				CLANG_WARN_COMMA = YES;
				CLANG_WARN_CONSTANT_CONVERSION = YES;
				CLANG_WARN_DEPRECATED_OBJC_IMPLEMENTATIONS = YES;
				CLANG_WARN_DIRECT_OBJC_ISA_USAGE = YES_ERROR;
				CLANG_WARN_DOCUMENTATION_COMMENTS = YES;
				CLANG_WARN_EMPTY_BODY = YES;
				CLANG_WARN_ENUM_CONVERSION = YES;
				CLANG_WARN_INFINITE_RECURSION = YES;
				CLANG_WARN_INT_CONVERSION = YES;
				CLANG_WARN_NON_LITERAL_NULL_CONVERSION = YES;
				CLANG_WARN_OBJC_IMPLICIT_RETAIN_SELF = YES;
				CLANG_WARN_OBJC_LITERAL_CONVERSION = YES;
				CLANG_WARN_OBJC_ROOT_CLASS = YES_ERROR;
				CLANG_WARN_QUOTED_INCLUDE_IN_FRAMEWORK_HEADER = YES;
				CLANG_WARN_RANGE_LOOP_ANALYSIS = YES;
				CLANG_WARN_STRICT_PROTOTYPES = YES;
				CLANG_WARN_SUSPICIOUS_MOVE = YES;
				CLANG_WARN_UNGUARDED_AVAILABILITY = YES_AGGRESSIVE;
				CLANG_WARN_UNREACHABLE_CODE = YES;
				CLANG_WARN__DUPLICATE_METHOD_MATCH = YES;
				COPY_PHASE_STRIP = NO;
				DEBUG_INFORMATION_FORMAT = dwarf;
				ENABLE_STRICT_OBJC_MSGSEND = YES;
				ENABLE_TESTABILITY = YES;
				ENABLE_USER_SCRIPT_SANDBOXING = YES;
				GCC_C_LANGUAGE_STANDARD = gnu17;
				GCC_DYNAMIC_NO_PIC = NO;
				GCC_NO_COMMON_BLOCKS = YES;
				GCC_OPTIMIZATION_LEVEL = 0;
				GCC_PREPROCESSOR_DEFINITIONS = (
					"DEBUG=1",
					"$(inherited)",
				);
				GCC_WARN_64_TO_32_BIT_CONVERSION = YES;
				GCC_WARN_ABOUT_RETURN_TYPE = YES_ERROR;
				GCC_WARN_UNDECLARED_SELECTOR = YES;
				GCC_WARN_UNINITIALIZED_AUTOS = YES_AGGRESSIVE;
				GCC_WARN_UNUSED_FUNCTION = YES;
				GCC_WARN_UNUSED_VARIABLE = YES;
				LOCALIZATION_PREFERS_STRING_CATALOGS = YES;
				MTL_ENABLE_DEBUG_INFO = INCLUDE_SOURCE;
				MTL_FAST_MATH = YES;
				ONLY_ACTIVE_ARCH = YES;
				SWIFT_ACTIVE_COMPILATION_CONDITIONS = "DEBUG $(inherited)";
				SWIFT_OPTIMIZATION_LEVEL = "-Onone";
			};
			name = Debug;
		};
		B57FD00A2AEDCFFC00514469 /* Release */ = {
			isa = XCBuildConfiguration;
			buildSettings = {
				ALWAYS_SEARCH_USER_PATHS = NO;
				ASSETCATALOG_COMPILER_GENERATE_SWIFT_ASSET_SYMBOL_EXTENSIONS = YES;
				CLANG_ANALYZER_NONNULL = YES;
				CLANG_ANALYZER_NUMBER_OBJECT_CONVERSION = YES_AGGRESSIVE;
				CLANG_CXX_LANGUAGE_STANDARD = "gnu++20";
				CLANG_ENABLE_MODULES = YES;
				CLANG_ENABLE_OBJC_ARC = YES;
				CLANG_ENABLE_OBJC_WEAK = YES;
				CLANG_WARN_BLOCK_CAPTURE_AUTORELEASING = YES;
				CLANG_WARN_BOOL_CONVERSION = YES;
				CLANG_WARN_COMMA = YES;
				CLANG_WARN_CONSTANT_CONVERSION = YES;
				CLANG_WARN_DEPRECATED_OBJC_IMPLEMENTATIONS = YES;
				CLANG_WARN_DIRECT_OBJC_ISA_USAGE = YES_ERROR;
				CLANG_WARN_DOCUMENTATION_COMMENTS = YES;
				CLANG_WARN_EMPTY_BODY = YES;
				CLANG_WARN_ENUM_CONVERSION = YES;
				CLANG_WARN_INFINITE_RECURSION = YES;
				CLANG_WARN_INT_CONVERSION = YES;
				CLANG_WARN_NON_LITERAL_NULL_CONVERSION = YES;
				CLANG_WARN_OBJC_IMPLICIT_RETAIN_SELF = YES;
				CLANG_WARN_OBJC_LITERAL_CONVERSION = YES;
				CLANG_WARN_OBJC_ROOT_CLASS = YES_ERROR;
				CLANG_WARN_QUOTED_INCLUDE_IN_FRAMEWORK_HEADER = YES;
				CLANG_WARN_RANGE_LOOP_ANALYSIS = YES;
				CLANG_WARN_STRICT_PROTOTYPES = YES;
				CLANG_WARN_SUSPICIOUS_MOVE = YES;
				CLANG_WARN_UNGUARDED_AVAILABILITY = YES_AGGRESSIVE;
				CLANG_WARN_UNREACHABLE_CODE = YES;
				CLANG_WARN__DUPLICATE_METHOD_MATCH = YES;
				COPY_PHASE_STRIP = NO;
				DEBUG_INFORMATION_FORMAT = "dwarf-with-dsym";
				ENABLE_NS_ASSERTIONS = NO;
				ENABLE_STRICT_OBJC_MSGSEND = YES;
				ENABLE_USER_SCRIPT_SANDBOXING = YES;
				GCC_C_LANGUAGE_STANDARD = gnu17;
				GCC_NO_COMMON_BLOCKS = YES;
				GCC_WARN_64_TO_32_BIT_CONVERSION = YES;
				GCC_WARN_ABOUT_RETURN_TYPE = YES_ERROR;
				GCC_WARN_UNDECLARED_SELECTOR = YES;
				GCC_WARN_UNINITIALIZED_AUTOS = YES_AGGRESSIVE;
				GCC_WARN_UNUSED_FUNCTION = YES;
				GCC_WARN_UNUSED_VARIABLE = YES;
				LOCALIZATION_PREFERS_STRING_CATALOGS = YES;
				MTL_ENABLE_DEBUG_INFO = NO;
				MTL_FAST_MATH = YES;
				SWIFT_COMPILATION_MODE = wholemodule;
			};
			name = Release;
		};
		B57FD00C2AEDCFFC00514469 /* Debug */ = {
			isa = XCBuildConfiguration;
			buildSettings = {
				ASSETCATALOG_COMPILER_APPICON_NAME = AppIcon;
				ASSETCATALOG_COMPILER_GLOBAL_ACCENT_COLOR_NAME = AccentColor;
				CODE_SIGN_ENTITLEMENTS = Sleepy0/Sleepy0.entitlements;
				CODE_SIGN_STYLE = Automatic;
				CURRENT_PROJECT_VERSION = 1;
				DEVELOPMENT_ASSET_PATHS = "\"Sleepy0/Preview Content\"";
				DEVELOPMENT_TEAM = 5T6DY6VKG2;
				ENABLE_HARDENED_RUNTIME = YES;
				ENABLE_PREVIEWS = YES;
				GENERATE_INFOPLIST_FILE = YES;
				"INFOPLIST_KEY_UIApplicationSceneManifest_Generation[sdk=iphoneos*]" = YES;
				"INFOPLIST_KEY_UIApplicationSceneManifest_Generation[sdk=iphonesimulator*]" = YES;
				"INFOPLIST_KEY_UIApplicationSupportsIndirectInputEvents[sdk=iphoneos*]" = YES;
				"INFOPLIST_KEY_UIApplicationSupportsIndirectInputEvents[sdk=iphonesimulator*]" = YES;
				"INFOPLIST_KEY_UILaunchScreen_Generation[sdk=iphoneos*]" = YES;
				"INFOPLIST_KEY_UILaunchScreen_Generation[sdk=iphonesimulator*]" = YES;
				"INFOPLIST_KEY_UIStatusBarStyle[sdk=iphoneos*]" = UIStatusBarStyleDefault;
				"INFOPLIST_KEY_UIStatusBarStyle[sdk=iphonesimulator*]" = UIStatusBarStyleDefault;
				INFOPLIST_KEY_UISupportedInterfaceOrientations_iPad = "UIInterfaceOrientationPortrait UIInterfaceOrientationPortraitUpsideDown UIInterfaceOrientationLandscapeLeft UIInterfaceOrientationLandscapeRight";
				INFOPLIST_KEY_UISupportedInterfaceOrientations_iPhone = "UIInterfaceOrientationPortrait UIInterfaceOrientationLandscapeLeft UIInterfaceOrientationLandscapeRight";
				IPHONEOS_DEPLOYMENT_TARGET = 17.0;
				LD_RUNPATH_SEARCH_PATHS = "@executable_path/Frameworks";
				"LD_RUNPATH_SEARCH_PATHS[sdk=macosx*]" = "@executable_path/../Frameworks";
				MACOSX_DEPLOYMENT_TARGET = 13.6;
				MARKETING_VERSION = 1.0;
				PRODUCT_BUNDLE_IDENTIFIER = zabvillalobos.Sleepy0;
				PRODUCT_NAME = "$(TARGET_NAME)";
				SDKROOT = auto;
				SUPPORTED_PLATFORMS = "iphoneos iphonesimulator macosx";
				SWIFT_EMIT_LOC_STRINGS = YES;
				SWIFT_VERSION = 5.0;
				TARGETED_DEVICE_FAMILY = "1,2";
			};
			name = Debug;
		};
		B57FD00D2AEDCFFC00514469 /* Release */ = {
			isa = XCBuildConfiguration;
			buildSettings = {
				ASSETCATALOG_COMPILER_APPICON_NAME = AppIcon;
				ASSETCATALOG_COMPILER_GLOBAL_ACCENT_COLOR_NAME = AccentColor;
				CODE_SIGN_ENTITLEMENTS = Sleepy0/Sleepy0.entitlements;
				CODE_SIGN_STYLE = Automatic;
				CURRENT_PROJECT_VERSION = 1;
				DEVELOPMENT_ASSET_PATHS = "\"Sleepy0/Preview Content\"";
				DEVELOPMENT_TEAM = 5T6DY6VKG2;
				ENABLE_HARDENED_RUNTIME = YES;
				ENABLE_PREVIEWS = YES;
				GENERATE_INFOPLIST_FILE = YES;
				"INFOPLIST_KEY_UIApplicationSceneManifest_Generation[sdk=iphoneos*]" = YES;
				"INFOPLIST_KEY_UIApplicationSceneManifest_Generation[sdk=iphonesimulator*]" = YES;
				"INFOPLIST_KEY_UIApplicationSupportsIndirectInputEvents[sdk=iphoneos*]" = YES;
				"INFOPLIST_KEY_UIApplicationSupportsIndirectInputEvents[sdk=iphonesimulator*]" = YES;
				"INFOPLIST_KEY_UILaunchScreen_Generation[sdk=iphoneos*]" = YES;
				"INFOPLIST_KEY_UILaunchScreen_Generation[sdk=iphonesimulator*]" = YES;
				"INFOPLIST_KEY_UIStatusBarStyle[sdk=iphoneos*]" = UIStatusBarStyleDefault;
				"INFOPLIST_KEY_UIStatusBarStyle[sdk=iphonesimulator*]" = UIStatusBarStyleDefault;
				INFOPLIST_KEY_UISupportedInterfaceOrientations_iPad = "UIInterfaceOrientationPortrait UIInterfaceOrientationPortraitUpsideDown UIInterfaceOrientationLandscapeLeft UIInterfaceOrientationLandscapeRight";
				INFOPLIST_KEY_UISupportedInterfaceOrientations_iPhone = "UIInterfaceOrientationPortrait UIInterfaceOrientationLandscapeLeft UIInterfaceOrientationLandscapeRight";
				IPHONEOS_DEPLOYMENT_TARGET = 17.0;
				LD_RUNPATH_SEARCH_PATHS = "@executable_path/Frameworks";
				"LD_RUNPATH_SEARCH_PATHS[sdk=macosx*]" = "@executable_path/../Frameworks";
				MACOSX_DEPLOYMENT_TARGET = 13.6;
				MARKETING_VERSION = 1.0;
				PRODUCT_BUNDLE_IDENTIFIER = zabvillalobos.Sleepy0;
				PRODUCT_NAME = "$(TARGET_NAME)";
				SDKROOT = auto;
				SUPPORTED_PLATFORMS = "iphoneos iphonesimulator macosx";
				SWIFT_EMIT_LOC_STRINGS = YES;
				SWIFT_VERSION = 5.0;
				TARGETED_DEVICE_FAMILY = "1,2";
			};
			name = Release;
		};
/* End XCBuildConfiguration section */

/* Begin XCConfigurationList section */
		B57FCFF72AEDCFF900514469 /* Build configuration list for PBXProject "Sleepy0" */ = {
			isa = XCConfigurationList;
			buildConfigurations = (
				B57FD0092AEDCFFC00514469 /* Debug */,
				B57FD00A2AEDCFFC00514469 /* Release */,
			);
			defaultConfigurationIsVisible = 0;
			defaultConfigurationName = Release;
		};
		B57FD00B2AEDCFFC00514469 /* Build configuration list for PBXNativeTarget "Sleepy0" */ = {
			isa = XCConfigurationList;
			buildConfigurations = (
				B57FD00C2AEDCFFC00514469 /* Debug */,
				B57FD00D2AEDCFFC00514469 /* Release */,
			);
			defaultConfigurationIsVisible = 0;
			defaultConfigurationName = Release;
		};
/* End XCConfigurationList section */
	};
	rootObject = B57FCFF42AEDCFF900514469 /* Project object */;
}
